// !$*UTF8*$!
{
	archiveVersion = 1;
	classes = {
	};
	objectVersion = 56;
	objects = {

/* Begin PBXBuildFile section */
		96151F712B90EB09001177C5 /* YandexWeatherNetworkClient.swift in Sources */ = {isa = PBXBuildFile; fileRef = 96151F702B90EB09001177C5 /* YandexWeatherNetworkClient.swift */; };
		96151F732B90EB82001177C5 /* YandexNetworkWeatherRequest.swift in Sources */ = {isa = PBXBuildFile; fileRef = 96151F722B90EB82001177C5 /* YandexNetworkWeatherRequest.swift */; };
		96151F752B90EBBC001177C5 /* YandexWeatherNetworkError.swift in Sources */ = {isa = PBXBuildFile; fileRef = 96151F742B90EBBC001177C5 /* YandexWeatherNetworkError.swift */; };
		961BE5EC2B8D184000D8741D /* YandexWeatherNetwork.framework in Frameworks */ = {isa = PBXBuildFile; fileRef = 961BE5E32B8D184000D8741D /* YandexWeatherNetwork.framework */; };
		961BE5F12B8D184000D8741D /* YandexWeatherNetworkTests.swift in Sources */ = {isa = PBXBuildFile; fileRef = 961BE5F02B8D184000D8741D /* YandexWeatherNetworkTests.swift */; };
		961BE5F22B8D184000D8741D /* YandexWeatherNetwork.h in Headers */ = {isa = PBXBuildFile; fileRef = 961BE5E62B8D184000D8741D /* YandexWeatherNetwork.h */; settings = {ATTRIBUTES = (Public, ); }; };
		968B9D812B95D971003A105F /* env.xcconfig in Resources */ = {isa = PBXBuildFile; fileRef = 968B9D802B95D971003A105F /* env.xcconfig */; };
		96C872482B9117CB0016727A /* YandexWeatherNetworkForecastsEntity.swift in Sources */ = {isa = PBXBuildFile; fileRef = 96C872472B9117CB0016727A /* YandexWeatherNetworkForecastsEntity.swift */; };
		96C8724A2B911D270016727A /* YandexWeatherNetworkForecastsRequest.swift in Sources */ = {isa = PBXBuildFile; fileRef = 96C872492B911D270016727A /* YandexWeatherNetworkForecastsRequest.swift */; };
/* End PBXBuildFile section */

/* Begin PBXContainerItemProxy section */
		961BE5ED2B8D184000D8741D /* PBXContainerItemProxy */ = {
			isa = PBXContainerItemProxy;
			containerPortal = 961BE5DA2B8D183F00D8741D /* Project object */;
			proxyType = 1;
			remoteGlobalIDString = 961BE5E22B8D184000D8741D;
			remoteInfo = YandexWeatherNetwork;
		};
/* End PBXContainerItemProxy section */

/* Begin PBXFileReference section */
		96151F702B90EB09001177C5 /* YandexWeatherNetworkClient.swift */ = {isa = PBXFileReference; lastKnownFileType = sourcecode.swift; path = YandexWeatherNetworkClient.swift; sourceTree = "<group>"; };
		96151F722B90EB82001177C5 /* YandexNetworkWeatherRequest.swift */ = {isa = PBXFileReference; lastKnownFileType = sourcecode.swift; path = YandexNetworkWeatherRequest.swift; sourceTree = "<group>"; };
		96151F742B90EBBC001177C5 /* YandexWeatherNetworkError.swift */ = {isa = PBXFileReference; lastKnownFileType = sourcecode.swift; path = YandexWeatherNetworkError.swift; sourceTree = "<group>"; };
		961BE5E32B8D184000D8741D /* YandexWeatherNetwork.framework */ = {isa = PBXFileReference; explicitFileType = wrapper.framework; includeInIndex = 0; path = YandexWeatherNetwork.framework; sourceTree = BUILT_PRODUCTS_DIR; };
		961BE5E62B8D184000D8741D /* YandexWeatherNetwork.h */ = {isa = PBXFileReference; lastKnownFileType = sourcecode.c.h; path = YandexWeatherNetwork.h; sourceTree = "<group>"; };
		961BE5EB2B8D184000D8741D /* YandexWeatherNetworkTests.xctest */ = {isa = PBXFileReference; explicitFileType = wrapper.cfbundle; includeInIndex = 0; path = YandexWeatherNetworkTests.xctest; sourceTree = BUILT_PRODUCTS_DIR; };
		961BE5F02B8D184000D8741D /* YandexWeatherNetworkTests.swift */ = {isa = PBXFileReference; lastKnownFileType = sourcecode.swift; path = YandexWeatherNetworkTests.swift; sourceTree = "<group>"; };
		968B9D802B95D971003A105F /* env.xcconfig */ = {isa = PBXFileReference; lastKnownFileType = text.xcconfig; path = env.xcconfig; sourceTree = "<group>"; };
		96C8723F2B90FC0C0016727A /* YandexWeatherNetwork.xctestplan */ = {isa = PBXFileReference; lastKnownFileType = text; path = YandexWeatherNetwork.xctestplan; sourceTree = "<group>"; };
		96C872472B9117CB0016727A /* YandexWeatherNetworkForecastsEntity.swift */ = {isa = PBXFileReference; lastKnownFileType = sourcecode.swift; path = YandexWeatherNetworkForecastsEntity.swift; sourceTree = "<group>"; };
		96C872492B911D270016727A /* YandexWeatherNetworkForecastsRequest.swift */ = {isa = PBXFileReference; lastKnownFileType = sourcecode.swift; path = YandexWeatherNetworkForecastsRequest.swift; sourceTree = "<group>"; };
/* End PBXFileReference section */

/* Begin PBXFrameworksBuildPhase section */
		961BE5E02B8D184000D8741D /* Frameworks */ = {
			isa = PBXFrameworksBuildPhase;
			buildActionMask = 2147483647;
			files = (
			);
			runOnlyForDeploymentPostprocessing = 0;
		};
		961BE5E82B8D184000D8741D /* Frameworks */ = {
			isa = PBXFrameworksBuildPhase;
			buildActionMask = 2147483647;
			files = (
				961BE5EC2B8D184000D8741D /* YandexWeatherNetwork.framework in Frameworks */,
			);
			runOnlyForDeploymentPostprocessing = 0;
		};
/* End PBXFrameworksBuildPhase section */

/* Begin PBXGroup section */
		961BE5D92B8D183F00D8741D = {
			isa = PBXGroup;
			children = (
				961BE5E52B8D184000D8741D /* YandexWeatherNetwork */,
				961BE5EF2B8D184000D8741D /* YandexWeatherNetworkTests */,
				961BE5E42B8D184000D8741D /* Products */,
			);
			sourceTree = "<group>";
		};
		961BE5E42B8D184000D8741D /* Products */ = {
			isa = PBXGroup;
			children = (
				961BE5E32B8D184000D8741D /* YandexWeatherNetwork.framework */,
				961BE5EB2B8D184000D8741D /* YandexWeatherNetworkTests.xctest */,
			);
			name = Products;
			sourceTree = "<group>";
		};
		961BE5E52B8D184000D8741D /* YandexWeatherNetwork */ = {
			isa = PBXGroup;
			children = (
				961BE5E62B8D184000D8741D /* YandexWeatherNetwork.h */,
				96151F702B90EB09001177C5 /* YandexWeatherNetworkClient.swift */,
				96151F722B90EB82001177C5 /* YandexNetworkWeatherRequest.swift */,
				96151F742B90EBBC001177C5 /* YandexWeatherNetworkError.swift */,
				96C872462B9101780016727A /* Entities */,
				96C872452B91016D0016727A /* Requests */,
			);
			path = YandexWeatherNetwork;
			sourceTree = "<group>";
		};
		961BE5EF2B8D184000D8741D /* YandexWeatherNetworkTests */ = {
			isa = PBXGroup;
			children = (
				96C8723F2B90FC0C0016727A /* YandexWeatherNetwork.xctestplan */,
				961BE5F02B8D184000D8741D /* YandexWeatherNetworkTests.swift */,
				968B9D802B95D971003A105F /* env.xcconfig */,
			);
			path = YandexWeatherNetworkTests;
			sourceTree = "<group>";
		};
		96C872452B91016D0016727A /* Requests */ = {
			isa = PBXGroup;
			children = (
				96C872492B911D270016727A /* YandexWeatherNetworkForecastsRequest.swift */,
			);
			path = Requests;
			sourceTree = "<group>";
		};
		96C872462B9101780016727A /* Entities */ = {
			isa = PBXGroup;
			children = (
				96C872472B9117CB0016727A /* YandexWeatherNetworkForecastsEntity.swift */,
			);
			path = Entities;
			sourceTree = "<group>";
		};
/* End PBXGroup section */

/* Begin PBXHeadersBuildPhase section */
		961BE5DE2B8D184000D8741D /* Headers */ = {
			isa = PBXHeadersBuildPhase;
			buildActionMask = 2147483647;
			files = (
				961BE5F22B8D184000D8741D /* YandexWeatherNetwork.h in Headers */,
			);
			runOnlyForDeploymentPostprocessing = 0;
		};
/* End PBXHeadersBuildPhase section */

/* Begin PBXNativeTarget section */
		961BE5E22B8D184000D8741D /* YandexWeatherNetwork */ = {
			isa = PBXNativeTarget;
			buildConfigurationList = 961BE5F52B8D184000D8741D /* Build configuration list for PBXNativeTarget "YandexWeatherNetwork" */;
			buildPhases = (
				961BE5DE2B8D184000D8741D /* Headers */,
				961BE5DF2B8D184000D8741D /* Sources */,
				961BE5E02B8D184000D8741D /* Frameworks */,
				961BE5E12B8D184000D8741D /* Resources */,
			);
			buildRules = (
			);
			dependencies = (
			);
			name = YandexWeatherNetwork;
			productName = YandexWeatherNetwork;
			productReference = 961BE5E32B8D184000D8741D /* YandexWeatherNetwork.framework */;
			productType = "com.apple.product-type.framework";
		};
		961BE5EA2B8D184000D8741D /* YandexWeatherNetworkTests */ = {
			isa = PBXNativeTarget;
			buildConfigurationList = 961BE5F82B8D184000D8741D /* Build configuration list for PBXNativeTarget "YandexWeatherNetworkTests" */;
			buildPhases = (
				961BE5E72B8D184000D8741D /* Sources */,
				961BE5E82B8D184000D8741D /* Frameworks */,
				961BE5E92B8D184000D8741D /* Resources */,
			);
			buildRules = (
			);
			dependencies = (
				961BE5EE2B8D184000D8741D /* PBXTargetDependency */,
			);
			name = YandexWeatherNetworkTests;
			productName = YandexWeatherNetworkTests;
			productReference = 961BE5EB2B8D184000D8741D /* YandexWeatherNetworkTests.xctest */;
			productType = "com.apple.product-type.bundle.unit-test";
		};
/* End PBXNativeTarget section */

/* Begin PBXProject section */
		961BE5DA2B8D183F00D8741D /* Project object */ = {
			isa = PBXProject;
			attributes = {
				BuildIndependentTargetsInParallel = 1;
				LastSwiftUpdateCheck = 1520;
				LastUpgradeCheck = 1520;
				TargetAttributes = {
					961BE5E22B8D184000D8741D = {
						CreatedOnToolsVersion = 15.2;
						LastSwiftMigration = 1520;
					};
					961BE5EA2B8D184000D8741D = {
						CreatedOnToolsVersion = 15.2;
					};
				};
			};
			buildConfigurationList = 961BE5DD2B8D183F00D8741D /* Build configuration list for PBXProject "YandexWeatherNetwork" */;
			compatibilityVersion = "Xcode 14.0";
			developmentRegion = en;
			hasScannedForEncodings = 0;
			knownRegions = (
				en,
				Base,
			);
			mainGroup = 961BE5D92B8D183F00D8741D;
			productRefGroup = 961BE5E42B8D184000D8741D /* Products */;
			projectDirPath = "";
			projectRoot = "";
			targets = (
				961BE5E22B8D184000D8741D /* YandexWeatherNetwork */,
				961BE5EA2B8D184000D8741D /* YandexWeatherNetworkTests */,
			);
		};
/* End PBXProject section */

/* Begin PBXResourcesBuildPhase section */
		961BE5E12B8D184000D8741D /* Resources */ = {
			isa = PBXResourcesBuildPhase;
			buildActionMask = 2147483647;
			files = (
			);
			runOnlyForDeploymentPostprocessing = 0;
		};
		961BE5E92B8D184000D8741D /* Resources */ = {
			isa = PBXResourcesBuildPhase;
			buildActionMask = 2147483647;
			files = (
				968B9D812B95D971003A105F /* env.xcconfig in Resources */,
			);
			runOnlyForDeploymentPostprocessing = 0;
		};
/* End PBXResourcesBuildPhase section */

/* Begin PBXSourcesBuildPhase section */
		961BE5DF2B8D184000D8741D /* Sources */ = {
			isa = PBXSourcesBuildPhase;
			buildActionMask = 2147483647;
			files = (
				96C8724A2B911D270016727A /* YandexWeatherNetworkForecastsRequest.swift in Sources */,
				96151F732B90EB82001177C5 /* YandexNetworkWeatherRequest.swift in Sources */,
				96151F712B90EB09001177C5 /* YandexWeatherNetworkClient.swift in Sources */,
				96151F752B90EBBC001177C5 /* YandexWeatherNetworkError.swift in Sources */,
				96C872482B9117CB0016727A /* YandexWeatherNetworkForecastsEntity.swift in Sources */,
			);
			runOnlyForDeploymentPostprocessing = 0;
		};
		961BE5E72B8D184000D8741D /* Sources */ = {
			isa = PBXSourcesBuildPhase;
			buildActionMask = 2147483647;
			files = (
				961BE5F12B8D184000D8741D /* YandexWeatherNetworkTests.swift in Sources */,
			);
			runOnlyForDeploymentPostprocessing = 0;
		};
/* End PBXSourcesBuildPhase section */

/* Begin PBXTargetDependency section */
		961BE5EE2B8D184000D8741D /* PBXTargetDependency */ = {
			isa = PBXTargetDependency;
			target = 961BE5E22B8D184000D8741D /* YandexWeatherNetwork */;
			targetProxy = 961BE5ED2B8D184000D8741D /* PBXContainerItemProxy */;
		};
/* End PBXTargetDependency section */

/* Begin XCBuildConfiguration section */
		961BE5F32B8D184000D8741D /* Debug */ = {
			isa = XCBuildConfiguration;
			buildSettings = {
				ALWAYS_SEARCH_USER_PATHS = NO;
				ASSETCATALOG_COMPILER_GENERATE_SWIFT_ASSET_SYMBOL_EXTENSIONS = YES;
				CLANG_ANALYZER_NONNULL = YES;
				CLANG_ANALYZER_NUMBER_OBJECT_CONVERSION = YES_AGGRESSIVE;
				CLANG_CXX_LANGUAGE_STANDARD = "gnu++20";
				CLANG_ENABLE_MODULES = YES;
				CLANG_ENABLE_OBJC_ARC = YES;
				CLANG_ENABLE_OBJC_WEAK = YES;
				CLANG_WARN_BLOCK_CAPTURE_AUTORELEASING = YES;
				CLANG_WARN_BOOL_CONVERSION = YES;
				CLANG_WARN_COMMA = YES;
				CLANG_WARN_CONSTANT_CONVERSION = YES;
				CLANG_WARN_DEPRECATED_OBJC_IMPLEMENTATIONS = YES;
				CLANG_WARN_DIRECT_OBJC_ISA_USAGE = YES_ERROR;
				CLANG_WARN_DOCUMENTATION_COMMENTS = YES;
				CLANG_WARN_EMPTY_BODY = YES;
				CLANG_WARN_ENUM_CONVERSION = YES;
				CLANG_WARN_INFINITE_RECURSION = YES;
				CLANG_WARN_INT_CONVERSION = YES;
				CLANG_WARN_NON_LITERAL_NULL_CONVERSION = YES;
				CLANG_WARN_OBJC_IMPLICIT_RETAIN_SELF = YES;
				CLANG_WARN_OBJC_LITERAL_CONVERSION = YES;
				CLANG_WARN_OBJC_ROOT_CLASS = YES_ERROR;
				CLANG_WARN_QUOTED_INCLUDE_IN_FRAMEWORK_HEADER = YES;
				CLANG_WARN_RANGE_LOOP_ANALYSIS = YES;
				CLANG_WARN_STRICT_PROTOTYPES = YES;
				CLANG_WARN_SUSPICIOUS_MOVE = YES;
				CLANG_WARN_UNGUARDED_AVAILABILITY = YES_AGGRESSIVE;
				CLANG_WARN_UNREACHABLE_CODE = YES;
				CLANG_WARN__DUPLICATE_METHOD_MATCH = YES;
				COPY_PHASE_STRIP = NO;
				CURRENT_PROJECT_VERSION = 1;
				DEBUG_INFORMATION_FORMAT = dwarf;
				ENABLE_STRICT_OBJC_MSGSEND = YES;
				ENABLE_TESTABILITY = YES;
				ENABLE_USER_SCRIPT_SANDBOXING = YES;
				GCC_C_LANGUAGE_STANDARD = gnu17;
				GCC_DYNAMIC_NO_PIC = NO;
				GCC_NO_COMMON_BLOCKS = YES;
				GCC_OPTIMIZATION_LEVEL = 0;
				GCC_PREPROCESSOR_DEFINITIONS = (
					"DEBUG=1",
					"$(inherited)",
				);
				GCC_WARN_64_TO_32_BIT_CONVERSION = YES;
				GCC_WARN_ABOUT_RETURN_TYPE = YES_ERROR;
				GCC_WARN_UNDECLARED_SELECTOR = YES;
				GCC_WARN_UNINITIALIZED_AUTOS = YES_AGGRESSIVE;
				GCC_WARN_UNUSED_FUNCTION = YES;
				GCC_WARN_UNUSED_VARIABLE = YES;
				IPHONEOS_DEPLOYMENT_TARGET = 17.2;
				LOCALIZATION_PREFERS_STRING_CATALOGS = YES;
				MTL_ENABLE_DEBUG_INFO = INCLUDE_SOURCE;
				MTL_FAST_MATH = YES;
				ONLY_ACTIVE_ARCH = YES;
				SDKROOT = iphoneos;
				SWIFT_ACTIVE_COMPILATION_CONDITIONS = "DEBUG $(inherited)";
				SWIFT_OPTIMIZATION_LEVEL = "-Onone";
				VERSIONING_SYSTEM = "apple-generic";
				VERSION_INFO_PREFIX = "";
			};
			name = Debug;
		};
		961BE5F42B8D184000D8741D /* Release */ = {
			isa = XCBuildConfiguration;
			buildSettings = {
				ALWAYS_SEARCH_USER_PATHS = NO;
				ASSETCATALOG_COMPILER_GENERATE_SWIFT_ASSET_SYMBOL_EXTENSIONS = YES;
				CLANG_ANALYZER_NONNULL = YES;
				CLANG_ANALYZER_NUMBER_OBJECT_CONVERSION = YES_AGGRESSIVE;
				CLANG_CXX_LANGUAGE_STANDARD = "gnu++20";
				CLANG_ENABLE_MODULES = YES;
				CLANG_ENABLE_OBJC_ARC = YES;
				CLANG_ENABLE_OBJC_WEAK = YES;
				CLANG_WARN_BLOCK_CAPTURE_AUTORELEASING = YES;
				CLANG_WARN_BOOL_CONVERSION = YES;
				CLANG_WARN_COMMA = YES;
				CLANG_WARN_CONSTANT_CONVERSION = YES;
				CLANG_WARN_DEPRECATED_OBJC_IMPLEMENTATIONS = YES;
				CLANG_WARN_DIRECT_OBJC_ISA_USAGE = YES_ERROR;
				CLANG_WARN_DOCUMENTATION_COMMENTS = YES;
				CLANG_WARN_EMPTY_BODY = YES;
				CLANG_WARN_ENUM_CONVERSION = YES;
				CLANG_WARN_INFINITE_RECURSION = YES;
				CLANG_WARN_INT_CONVERSION = YES;
				CLANG_WARN_NON_LITERAL_NULL_CONVERSION = YES;
				CLANG_WARN_OBJC_IMPLICIT_RETAIN_SELF = YES;
				CLANG_WARN_OBJC_LITERAL_CONVERSION = YES;
				CLANG_WARN_OBJC_ROOT_CLASS = YES_ERROR;
				CLANG_WARN_QUOTED_INCLUDE_IN_FRAMEWORK_HEADER = YES;
				CLANG_WARN_RANGE_LOOP_ANALYSIS = YES;
				CLANG_WARN_STRICT_PROTOTYPES = YES;
				CLANG_WARN_SUSPICIOUS_MOVE = YES;
				CLANG_WARN_UNGUARDED_AVAILABILITY = YES_AGGRESSIVE;
				CLANG_WARN_UNREACHABLE_CODE = YES;
				CLANG_WARN__DUPLICATE_METHOD_MATCH = YES;
				COPY_PHASE_STRIP = NO;
				CURRENT_PROJECT_VERSION = 1;
				DEBUG_INFORMATION_FORMAT = "dwarf-with-dsym";
				ENABLE_NS_ASSERTIONS = NO;
				ENABLE_STRICT_OBJC_MSGSEND = YES;
				ENABLE_USER_SCRIPT_SANDBOXING = YES;
				GCC_C_LANGUAGE_STANDARD = gnu17;
				GCC_NO_COMMON_BLOCKS = YES;
				GCC_WARN_64_TO_32_BIT_CONVERSION = YES;
				GCC_WARN_ABOUT_RETURN_TYPE = YES_ERROR;
				GCC_WARN_UNDECLARED_SELECTOR = YES;
				GCC_WARN_UNINITIALIZED_AUTOS = YES_AGGRESSIVE;
				GCC_WARN_UNUSED_FUNCTION = YES;
				GCC_WARN_UNUSED_VARIABLE = YES;
				IPHONEOS_DEPLOYMENT_TARGET = 17.2;
				LOCALIZATION_PREFERS_STRING_CATALOGS = YES;
				MTL_ENABLE_DEBUG_INFO = NO;
				MTL_FAST_MATH = YES;
				SDKROOT = iphoneos;
				SWIFT_COMPILATION_MODE = wholemodule;
				VALIDATE_PRODUCT = YES;
				VERSIONING_SYSTEM = "apple-generic";
				VERSION_INFO_PREFIX = "";
			};
			name = Release;
		};
		961BE5F62B8D184000D8741D /* Debug */ = {
			isa = XCBuildConfiguration;
			buildSettings = {
				CLANG_ENABLE_MODULES = YES;
				CODE_SIGN_STYLE = Automatic;
				CURRENT_PROJECT_VERSION = 1;
				DEFINES_MODULE = YES;
				DEVELOPMENT_TEAM = Y5WSGR4QBW;
				DYLIB_COMPATIBILITY_VERSION = 1;
				DYLIB_CURRENT_VERSION = 1;
				DYLIB_INSTALL_NAME_BASE = "@rpath";
				ENABLE_MODULE_VERIFIER = YES;
				GENERATE_INFOPLIST_FILE = YES;
				INFOPLIST_KEY_NSHumanReadableCopyright = "";
				INSTALL_PATH = "$(LOCAL_LIBRARY_DIR)/Frameworks";
				LD_RUNPATH_SEARCH_PATHS = (
					"$(inherited)",
					"@executable_path/Frameworks",
					"@loader_path/Frameworks",
				);
				MARKETING_VERSION = 1.0;
				MODULE_VERIFIER_SUPPORTED_LANGUAGES = "objective-c objective-c++";
				MODULE_VERIFIER_SUPPORTED_LANGUAGE_STANDARDS = "gnu17 gnu++20";
				PRODUCT_BUNDLE_IDENTIFIER = com.antonkh.YandexWeatherNetwork;
				PRODUCT_NAME = "$(TARGET_NAME:c99extidentifier)";
				SKIP_INSTALL = YES;
				SWIFT_EMIT_LOC_STRINGS = YES;
				SWIFT_OPTIMIZATION_LEVEL = "-Onone";
				SWIFT_VERSION = 5.0;
				TARGETED_DEVICE_FAMILY = "1,2";
			};
			name = Debug;
		};
		961BE5F72B8D184000D8741D /* Release */ = {
			isa = XCBuildConfiguration;
			buildSettings = {
				CLANG_ENABLE_MODULES = YES;
				CODE_SIGN_STYLE = Automatic;
				CURRENT_PROJECT_VERSION = 1;
				DEFINES_MODULE = YES;
				DEVELOPMENT_TEAM = Y5WSGR4QBW;
				DYLIB_COMPATIBILITY_VERSION = 1;
				DYLIB_CURRENT_VERSION = 1;
				DYLIB_INSTALL_NAME_BASE = "@rpath";
				ENABLE_MODULE_VERIFIER = YES;
				GENERATE_INFOPLIST_FILE = YES;
				INFOPLIST_KEY_NSHumanReadableCopyright = "";
				INSTALL_PATH = "$(LOCAL_LIBRARY_DIR)/Frameworks";
				LD_RUNPATH_SEARCH_PATHS = (
					"$(inherited)",
					"@executable_path/Frameworks",
					"@loader_path/Frameworks",
				);
				MARKETING_VERSION = 1.0;
				MODULE_VERIFIER_SUPPORTED_LANGUAGES = "objective-c objective-c++";
				MODULE_VERIFIER_SUPPORTED_LANGUAGE_STANDARDS = "gnu17 gnu++20";
				PRODUCT_BUNDLE_IDENTIFIER = com.antonkh.YandexWeatherNetwork;
				PRODUCT_NAME = "$(TARGET_NAME:c99extidentifier)";
				SKIP_INSTALL = YES;
				SWIFT_EMIT_LOC_STRINGS = YES;
				SWIFT_VERSION = 5.0;
				TARGETED_DEVICE_FAMILY = "1,2";
			};
			name = Release;
		};
		961BE5F92B8D184000D8741D /* Debug */ = {
			isa = XCBuildConfiguration;
			baseConfigurationReference = 968B9D802B95D971003A105F /* env.xcconfig */;
			buildSettings = {
				ALWAYS_EMBED_SWIFT_STANDARD_LIBRARIES = YES;
				CODE_SIGN_STYLE = Automatic;
				CURRENT_PROJECT_VERSION = 1;
				DEVELOPMENT_TEAM = Y5WSGR4QBW;
				GENERATE_INFOPLIST_FILE = YES;
				MARKETING_VERSION = 1.0;
				PRODUCT_BUNDLE_IDENTIFIER = com.antonkh.YandexWeatherNetworkTests;
				PRODUCT_NAME = "$(TARGET_NAME)";
				SWIFT_EMIT_LOC_STRINGS = NO;
				SWIFT_VERSION = 5.0;
				TARGETED_DEVICE_FAMILY = "1,2";
			};
			name = Debug;
		};
		961BE5FA2B8D184000D8741D /* Release */ = {
			isa = XCBuildConfiguration;
			buildSettings = {
				ALWAYS_EMBED_SWIFT_STANDARD_LIBRARIES = YES;
				CODE_SIGN_STYLE = Automatic;
				CURRENT_PROJECT_VERSION = 1;
				DEVELOPMENT_TEAM = Y5WSGR4QBW;
				GENERATE_INFOPLIST_FILE = YES;
				MARKETING_VERSION = 1.0;
				PRODUCT_BUNDLE_IDENTIFIER = com.antonkh.YandexWeatherNetworkTests;
				PRODUCT_NAME = "$(TARGET_NAME)";
				SWIFT_EMIT_LOC_STRINGS = NO;
				SWIFT_VERSION = 5.0;
				TARGETED_DEVICE_FAMILY = "1,2";
			};
			name = Release;
		};
/* End XCBuildConfiguration section */

/* Begin XCConfigurationList section */
		961BE5DD2B8D183F00D8741D /* Build configuration list for PBXProject "YandexWeatherNetwork" */ = {
			isa = XCConfigurationList;
			buildConfigurations = (
				961BE5F32B8D184000D8741D /* Debug */,
				961BE5F42B8D184000D8741D /* Release */,
			);
			defaultConfigurationIsVisible = 0;
			defaultConfigurationName = Release;
		};
		961BE5F52B8D184000D8741D /* Build configuration list for PBXNativeTarget "YandexWeatherNetwork" */ = {
			isa = XCConfigurationList;
			buildConfigurations = (
				961BE5F62B8D184000D8741D /* Debug */,
				961BE5F72B8D184000D8741D /* Release */,
			);
			defaultConfigurationIsVisible = 0;
			defaultConfigurationName = Release;
		};
		961BE5F82B8D184000D8741D /* Build configuration list for PBXNativeTarget "YandexWeatherNetworkTests" */ = {
			isa = XCConfigurationList;
			buildConfigurations = (
				961BE5F92B8D184000D8741D /* Debug */,
				961BE5FA2B8D184000D8741D /* Release */,
			);
			defaultConfigurationIsVisible = 0;
			defaultConfigurationName = Release;
		};
/* End XCConfigurationList section */
	};
	rootObject = 961BE5DA2B8D183F00D8741D /* Project object */;
}
